
Microsoft Visual Studio Solution File, Format Version 12.00
# Visual Studio Version 16
VisualStudioVersion = 16.0.29613.14
MinimumVisualStudioVersion = 10.0.40219.1
Project("{FAE04EC0-301F-11D3-BF4B-00C04F79EFBC}") = "Shop", "Shop.csproj", "{B4087906-A9CA-4DFF-947D-13D10BE4EFA1}"
EndProject
Project("{FAE04EC0-301F-11D3-BF4B-00C04F79EFBC}") = "Storage", "..\Storage\Storage.csproj", "{F5618B4A-3209-41DC-830E-1A6BE8D168BF}"
EndProject
Global
	GlobalSection(SolutionConfigurationPlatforms) = preSolution
		Debug|Any CPU = Debug|Any CPU
		Release|Any CPU = Release|Any CPU
	EndGlobalSection
	GlobalSection(ProjectConfigurationPlatforms) = postSolution
		{B4087906-A9CA-4DFF-947D-13D10BE4EFA1}.Debug|Any CPU.ActiveCfg = Debug|Any CPU
		{B4087906-A9CA-4DFF-947D-13D10BE4EFA1}.Debug|Any CPU.Build.0 = Debug|Any CPU
		{B4087906-A9CA-4DFF-947D-13D10BE4EFA1}.Release|Any CPU.ActiveCfg = Release|Any CPU
		{B4087906-A9CA-4DFF-947D-13D10BE4EFA1}.Release|Any CPU.Build.0 = Release|Any CPU
		{F5618B4A-3209-41DC-830E-1A6BE8D168BF}.Debug|Any CPU.ActiveCfg = Debug|Any CPU
		{F5618B4A-3209-41DC-830E-1A6BE8D168BF}.Debug|Any CPU.Build.0 = Debug|Any CPU
		{F5618B4A-3209-41DC-830E-1A6BE8D168BF}.Release|Any CPU.ActiveCfg = Release|Any CPU
		{F5618B4A-3209-41DC-830E-1A6BE8D168BF}.Release|Any CPU.Build.0 = Release|Any CPU
	EndGlobalSection
	GlobalSection(SolutionProperties) = preSolution
		HideSolutionNode = FALSE
	EndGlobalSection
	GlobalSection(ExtensibilityGlobals) = postSolution
		SolutionGuid = {82236E8F-5C23-42E2-A09E-B990FD198C44}
	EndGlobalSection
EndGlobal
